
Microsoft Visual Studio Solution File, Format Version 12.00
# Visual Studio Version 16
VisualStudioVersion = 16.0.810.8
MinimumVisualStudioVersion = 10.0.40219.1
Project("{FAE04EC0-301F-11D3-BF4B-00C04F79EFBC}") = "GetECBFXRates", "GetECBFXRates\GetECBFXRates.csproj", "{4314EE12-A45F-42A8-BF9A-A5A16183A066}"
EndProject
Global
	GlobalSection(SolutionConfigurationPlatforms) = preSolution
		Debug|Any CPU = Debug|Any CPU
		Release|Any CPU = Release|Any CPU
	EndGlobalSection
	GlobalSection(ProjectConfigurationPlatforms) = postSolution
		{4314EE12-A45F-42A8-BF9A-A5A16183A066}.Debug|Any CPU.ActiveCfg = Debug|Any CPU
		{4314EE12-A45F-42A8-BF9A-A5A16183A066}.Debug|Any CPU.Build.0 = Debug|Any CPU
		{4314EE12-A45F-42A8-BF9A-A5A16183A066}.Release|Any CPU.ActiveCfg = Release|Any CPU
		{4314EE12-A45F-42A8-BF9A-A5A16183A066}.Release|Any CPU.Build.0 = Release|Any CPU
	EndGlobalSection
	GlobalSection(SolutionProperties) = preSolution
		HideSolutionNode = FALSE
	EndGlobalSection
	GlobalSection(ExtensibilityGlobals) = postSolution
		SolutionGuid = {8EC366F7-8C2D-4731-BC69-9492F0357C64}
	EndGlobalSection
EndGlobal
